// !$*UTF8*$!
{
	archiveVersion = 1;
	classes = {
	};
	objectVersion = 46;
	objects = {

/* Begin PBXBuildFile section */
		17925E4C1E35CE1C004D8CAD /* main.m in Sources */ = {isa = PBXBuildFile; fileRef = 17925E4B1E35CE1C004D8CAD /* main.m */; };
		17925E4F1E35CE1C004D8CAD /* AppDelegate.m in Sources */ = {isa = PBXBuildFile; fileRef = 17925E4E1E35CE1C004D8CAD /* AppDelegate.m */; };
		17925E521E35CE1C004D8CAD /* ViewController.m in Sources */ = {isa = PBXBuildFile; fileRef = 17925E511E35CE1C004D8CAD /* ViewController.m */; };
		17925E551E35CE1C004D8CAD /* Main.storyboard in Resources */ = {isa = PBXBuildFile; fileRef = 17925E531E35CE1C004D8CAD /* Main.storyboard */; };
		17925E571E35CE1C004D8CAD /* Assets.xcassets in Resources */ = {isa = PBXBuildFile; fileRef = 17925E561E35CE1C004D8CAD /* Assets.xcassets */; };
		17925E5A1E35CE1C004D8CAD /* LaunchScreen.storyboard in Resources */ = {isa = PBXBuildFile; fileRef = 17925E581E35CE1C004D8CAD /* LaunchScreen.storyboard */; };
		17925E651E35CE1C004D8CAD /* SearchTests.m in Sources */ = {isa = PBXBuildFile; fileRef = 17925E641E35CE1C004D8CAD /* SearchTests.m */; };
		17925E701E35CE1C004D8CAD /* SearchUITests.m in Sources */ = {isa = PBXBuildFile; fileRef = 17925E6F1E35CE1C004D8CAD /* SearchUITests.m */; };
/* End PBXBuildFile section */

/* Begin PBXContainerItemProxy section */
		17925E611E35CE1C004D8CAD /* PBXContainerItemProxy */ = {
			isa = PBXContainerItemProxy;
			containerPortal = 17925E3F1E35CE1C004D8CAD /* Project object */;
			proxyType = 1;
			remoteGlobalIDString = 17925E461E35CE1C004D8CAD;
			remoteInfo = Search;
		};
		17925E6C1E35CE1C004D8CAD /* PBXContainerItemProxy */ = {
			isa = PBXContainerItemProxy;
			containerPortal = 17925E3F1E35CE1C004D8CAD /* Project object */;
			proxyType = 1;
			remoteGlobalIDString = 17925E461E35CE1C004D8CAD;
			remoteInfo = Search;
		};
/* End PBXContainerItemProxy section */

/* Begin PBXFileReference section */
		17925E471E35CE1C004D8CAD /* Search.app */ = {isa = PBXFileReference; explicitFileType = wrapper.application; includeInIndex = 0; path = Search.app; sourceTree = BUILT_PRODUCTS_DIR; };
		17925E4B1E35CE1C004D8CAD /* main.m */ = {isa = PBXFileReference; lastKnownFileType = sourcecode.c.objc; path = main.m; sourceTree = "<group>"; };
		17925E4D1E35CE1C004D8CAD /* AppDelegate.h */ = {isa = PBXFileReference; lastKnownFileType = sourcecode.c.h; path = AppDelegate.h; sourceTree = "<group>"; };
		17925E4E1E35CE1C004D8CAD /* AppDelegate.m */ = {isa = PBXFileReference; lastKnownFileType = sourcecode.c.objc; path = AppDelegate.m; sourceTree = "<group>"; };
		17925E501E35CE1C004D8CAD /* ViewController.h */ = {isa = PBXFileReference; lastKnownFileType = sourcecode.c.h; path = ViewController.h; sourceTree = "<group>"; };
		17925E511E35CE1C004D8CAD /* ViewController.m */ = {isa = PBXFileReference; lastKnownFileType = sourcecode.c.objc; path = ViewController.m; sourceTree = "<group>"; };
		17925E541E35CE1C004D8CAD /* Base */ = {isa = PBXFileReference; lastKnownFileType = file.storyboard; name = Base; path = Base.lproj/Main.storyboard; sourceTree = "<group>"; };
		17925E561E35CE1C004D8CAD /* Assets.xcassets */ = {isa = PBXFileReference; lastKnownFileType = folder.assetcatalog; path = Assets.xcassets; sourceTree = "<group>"; };
		17925E591E35CE1C004D8CAD /* Base */ = {isa = PBXFileReference; lastKnownFileType = file.storyboard; name = Base; path = Base.lproj/LaunchScreen.storyboard; sourceTree = "<group>"; };
		17925E5B1E35CE1C004D8CAD /* Info.plist */ = {isa = PBXFileReference; lastKnownFileType = text.plist.xml; path = Info.plist; sourceTree = "<group>"; };
		17925E601E35CE1C004D8CAD /* SearchTests.xctest */ = {isa = PBXFileReference; explicitFileType = wrapper.cfbundle; includeInIndex = 0; path = SearchTests.xctest; sourceTree = BUILT_PRODUCTS_DIR; };
		17925E641E35CE1C004D8CAD /* SearchTests.m */ = {isa = PBXFileReference; lastKnownFileType = sourcecode.c.objc; path = SearchTests.m; sourceTree = "<group>"; };
		17925E661E35CE1C004D8CAD /* Info.plist */ = {isa = PBXFileReference; lastKnownFileType = text.plist.xml; path = Info.plist; sourceTree = "<group>"; };
		17925E6B1E35CE1C004D8CAD /* SearchUITests.xctest */ = {isa = PBXFileReference; explicitFileType = wrapper.cfbundle; includeInIndex = 0; path = SearchUITests.xctest; sourceTree = BUILT_PRODUCTS_DIR; };
		17925E6F1E35CE1C004D8CAD /* SearchUITests.m */ = {isa = PBXFileReference; lastKnownFileType = sourcecode.c.objc; path = SearchUITests.m; sourceTree = "<group>"; };
		17925E711E35CE1C004D8CAD /* Info.plist */ = {isa = PBXFileReference; lastKnownFileType = text.plist.xml; path = Info.plist; sourceTree = "<group>"; };
/* End PBXFileReference section */

/* Begin PBXFrameworksBuildPhase section */
		17925E441E35CE1C004D8CAD /* Frameworks */ = {
			isa = PBXFrameworksBuildPhase;
			buildActionMask = 2147483647;
			files = (
			);
			runOnlyForDeploymentPostprocessing = 0;
		};
		17925E5D1E35CE1C004D8CAD /* Frameworks */ = {
			isa = PBXFrameworksBuildPhase;
			buildActionMask = 2147483647;
			files = (
			);
			runOnlyForDeploymentPostprocessing = 0;
		};
		17925E681E35CE1C004D8CAD /* Frameworks */ = {
			isa = PBXFrameworksBuildPhase;
			buildActionMask = 2147483647;
			files = (
			);
			runOnlyForDeploymentPostprocessing = 0;
		};
/* End PBXFrameworksBuildPhase section */

/* Begin PBXGroup section */
		17925E3E1E35CE1C004D8CAD = {
			isa = PBXGroup;
			children = (
				17925E491E35CE1C004D8CAD /* Search */,
				17925E631E35CE1C004D8CAD /* SearchTests */,
				17925E6E1E35CE1C004D8CAD /* SearchUITests */,
				17925E481E35CE1C004D8CAD /* Products */,
			);
			sourceTree = "<group>";
		};
		17925E481E35CE1C004D8CAD /* Products */ = {
			isa = PBXGroup;
			children = (
				17925E471E35CE1C004D8CAD /* Search.app */,
				17925E601E35CE1C004D8CAD /* SearchTests.xctest */,
				17925E6B1E35CE1C004D8CAD /* SearchUITests.xctest */,
			);
			name = Products;
			sourceTree = "<group>";
		};
		17925E491E35CE1C004D8CAD /* Search */ = {
			isa = PBXGroup;
			children = (
				17925E4D1E35CE1C004D8CAD /* AppDelegate.h */,
				17925E4E1E35CE1C004D8CAD /* AppDelegate.m */,
				17925E501E35CE1C004D8CAD /* ViewController.h */,
				17925E511E35CE1C004D8CAD /* ViewController.m */,
				17925E531E35CE1C004D8CAD /* Main.storyboard */,
				17925E561E35CE1C004D8CAD /* Assets.xcassets */,
				17925E581E35CE1C004D8CAD /* LaunchScreen.storyboard */,
				17925E5B1E35CE1C004D8CAD /* Info.plist */,
				17925E4A1E35CE1C004D8CAD /* Supporting Files */,
			);
			path = Search;
			sourceTree = "<group>";
		};
		17925E4A1E35CE1C004D8CAD /* Supporting Files */ = {
			isa = PBXGroup;
			children = (
				17925E4B1E35CE1C004D8CAD /* main.m */,
			);
			name = "Supporting Files";
			sourceTree = "<group>";
		};
		17925E631E35CE1C004D8CAD /* SearchTests */ = {
			isa = PBXGroup;
			children = (
				17925E641E35CE1C004D8CAD /* SearchTests.m */,
				17925E661E35CE1C004D8CAD /* Info.plist */,
			);
			path = SearchTests;
			sourceTree = "<group>";
		};
		17925E6E1E35CE1C004D8CAD /* SearchUITests */ = {
			isa = PBXGroup;
			children = (
				17925E6F1E35CE1C004D8CAD /* SearchUITests.m */,
				17925E711E35CE1C004D8CAD /* Info.plist */,
			);
			path = SearchUITests;
			sourceTree = "<group>";
		};
/* End PBXGroup section */

/* Begin PBXNativeTarget section */
		17925E461E35CE1C004D8CAD /* Search */ = {
			isa = PBXNativeTarget;
			buildConfigurationList = 17925E741E35CE1C004D8CAD /* Build configuration list for PBXNativeTarget "Search" */;
			buildPhases = (
				17925E431E35CE1C004D8CAD /* Sources */,
				17925E441E35CE1C004D8CAD /* Frameworks */,
				17925E451E35CE1C004D8CAD /* Resources */,
			);
			buildRules = (
			);
			dependencies = (
			);
			name = Search;
			productName = Search;
			productReference = 17925E471E35CE1C004D8CAD /* Search.app */;
			productType = "com.apple.product-type.application";
		};
		17925E5F1E35CE1C004D8CAD /* SearchTests */ = {
			isa = PBXNativeTarget;
			buildConfigurationList = 17925E771E35CE1C004D8CAD /* Build configuration list for PBXNativeTarget "SearchTests" */;
			buildPhases = (
				17925E5C1E35CE1C004D8CAD /* Sources */,
				17925E5D1E35CE1C004D8CAD /* Frameworks */,
				17925E5E1E35CE1C004D8CAD /* Resources */,
			);
			buildRules = (
			);
			dependencies = (
				17925E621E35CE1C004D8CAD /* PBXTargetDependency */,
			);
			name = SearchTests;
			productName = SearchTests;
			productReference = 17925E601E35CE1C004D8CAD /* SearchTests.xctest */;
			productType = "com.apple.product-type.bundle.unit-test";
		};
		17925E6A1E35CE1C004D8CAD /* SearchUITests */ = {
			isa = PBXNativeTarget;
			buildConfigurationList = 17925E7A1E35CE1C004D8CAD /* Build configuration list for PBXNativeTarget "SearchUITests" */;
			buildPhases = (
				17925E671E35CE1C004D8CAD /* Sources */,
				17925E681E35CE1C004D8CAD /* Frameworks */,
				17925E691E35CE1C004D8CAD /* Resources */,
			);
			buildRules = (
			);
			dependencies = (
				17925E6D1E35CE1C004D8CAD /* PBXTargetDependency */,
			);
			name = SearchUITests;
			productName = SearchUITests;
			productReference = 17925E6B1E35CE1C004D8CAD /* SearchUITests.xctest */;
			productType = "com.apple.product-type.bundle.ui-testing";
		};
/* End PBXNativeTarget section */

/* Begin PBXProject section */
		17925E3F1E35CE1C004D8CAD /* Project object */ = {
			isa = PBXProject;
			attributes = {
				LastUpgradeCheck = 0820;
				ORGANIZATIONNAME = "Tang Hana";
				TargetAttributes = {
					17925E461E35CE1C004D8CAD = {
						CreatedOnToolsVersion = 8.2.1;
						DevelopmentTeam = LE473NCF2R;
						ProvisioningStyle = Automatic;
					};
					17925E5F1E35CE1C004D8CAD = {
						CreatedOnToolsVersion = 8.2.1;
						DevelopmentTeam = LE473NCF2R;
						ProvisioningStyle = Automatic;
						TestTargetID = 17925E461E35CE1C004D8CAD;
					};
					17925E6A1E35CE1C004D8CAD = {
						CreatedOnToolsVersion = 8.2.1;
						DevelopmentTeam = LE473NCF2R;
						ProvisioningStyle = Automatic;
						TestTargetID = 17925E461E35CE1C004D8CAD;
					};
				};
			};
			buildConfigurationList = 17925E421E35CE1C004D8CAD /* Build configuration list for PBXProject "Search" */;
			compatibilityVersion = "Xcode 3.2";
			developmentRegion = English;
			hasScannedForEncodings = 0;
			knownRegions = (
				en,
				Base,
			);
			mainGroup = 17925E3E1E35CE1C004D8CAD;
			productRefGroup = 17925E481E35CE1C004D8CAD /* Products */;
			projectDirPath = "";
			projectRoot = "";
			targets = (
				17925E461E35CE1C004D8CAD /* Search */,
				17925E5F1E35CE1C004D8CAD /* SearchTests */,
				17925E6A1E35CE1C004D8CAD /* SearchUITests */,
			);
		};
/* End PBXProject section */

/* Begin PBXResourcesBuildPhase section */
		17925E451E35CE1C004D8CAD /* Resources */ = {
			isa = PBXResourcesBuildPhase;
			buildActionMask = 2147483647;
			files = (
				17925E5A1E35CE1C004D8CAD /* LaunchScreen.storyboard in Resources */,
				17925E571E35CE1C004D8CAD /* Assets.xcassets in Resources */,
				17925E551E35CE1C004D8CAD /* Main.storyboard in Resources */,
			);
			runOnlyForDeploymentPostprocessing = 0;
		};
		17925E5E1E35CE1C004D8CAD /* Resources */ = {
			isa = PBXResourcesBuildPhase;
			buildActionMask = 2147483647;
			files = (
			);
			runOnlyForDeploymentPostprocessing = 0;
		};
		17925E691E35CE1C004D8CAD /* Resources */ = {
			isa = PBXResourcesBuildPhase;
			buildActionMask = 2147483647;
			files = (
			);
			runOnlyForDeploymentPostprocessing = 0;
		};
/* End PBXResourcesBuildPhase section */

/* Begin PBXSourcesBuildPhase section */
		17925E431E35CE1C004D8CAD /* Sources */ = {
			isa = PBXSourcesBuildPhase;
			buildActionMask = 2147483647;
			files = (
				17925E521E35CE1C004D8CAD /* ViewController.m in Sources */,
				17925E4F1E35CE1C004D8CAD /* AppDelegate.m in Sources */,
				17925E4C1E35CE1C004D8CAD /* main.m in Sources */,
			);
			runOnlyForDeploymentPostprocessing = 0;
		};
		17925E5C1E35CE1C004D8CAD /* Sources */ = {
			isa = PBXSourcesBuildPhase;
			buildActionMask = 2147483647;
			files = (
				17925E651E35CE1C004D8CAD /* SearchTests.m in Sources */,
			);
			runOnlyForDeploymentPostprocessing = 0;
		};
		17925E671E35CE1C004D8CAD /* Sources */ = {
			isa = PBXSourcesBuildPhase;
			buildActionMask = 2147483647;
			files = (
				17925E701E35CE1C004D8CAD /* SearchUITests.m in Sources */,
			);
			runOnlyForDeploymentPostprocessing = 0;
		};
/* End PBXSourcesBuildPhase section */

/* Begin PBXTargetDependency section */
		17925E621E35CE1C004D8CAD /* PBXTargetDependency */ = {
			isa = PBXTargetDependency;
			target = 17925E461E35CE1C004D8CAD /* Search */;
			targetProxy = 17925E611E35CE1C004D8CAD /* PBXContainerItemProxy */;
		};
		17925E6D1E35CE1C004D8CAD /* PBXTargetDependency */ = {
			isa = PBXTargetDependency;
			target = 17925E461E35CE1C004D8CAD /* Search */;
			targetProxy = 17925E6C1E35CE1C004D8CAD /* PBXContainerItemProxy */;
		};
/* End PBXTargetDependency section */

/* Begin PBXVariantGroup section */
		17925E531E35CE1C004D8CAD /* Main.storyboard */ = {
			isa = PBXVariantGroup;
			children = (
				17925E541E35CE1C004D8CAD /* Base */,
			);
			name = Main.storyboard;
			sourceTree = "<group>";
		};
		17925E581E35CE1C004D8CAD /* LaunchScreen.storyboard */ = {
			isa = PBXVariantGroup;
			children = (
				17925E591E35CE1C004D8CAD /* Base */,
			);
			name = LaunchScreen.storyboard;
			sourceTree = "<group>";
		};
/* End PBXVariantGroup section */

/* Begin XCBuildConfiguration section */
		17925E721E35CE1C004D8CAD /* Debug */ = {
			isa = XCBuildConfiguration;
			buildSettings = {
				ALWAYS_SEARCH_USER_PATHS = NO;
				CLANG_ANALYZER_NONNULL = YES;
				CLANG_CXX_LANGUAGE_STANDARD = "gnu++0x";
				CLANG_CXX_LIBRARY = "libc++";
				CLANG_ENABLE_MODULES = YES;
				CLANG_ENABLE_OBJC_ARC = YES;
				CLANG_WARN_BOOL_CONVERSION = YES;
				CLANG_WARN_CONSTANT_CONVERSION = YES;
				CLANG_WARN_DIRECT_OBJC_ISA_USAGE = YES_ERROR;
				CLANG_WARN_DOCUMENTATION_COMMENTS = YES;
				CLANG_WARN_EMPTY_BODY = YES;
				CLANG_WARN_ENUM_CONVERSION = YES;
				CLANG_WARN_INFINITE_RECURSION = YES;
				CLANG_WARN_INT_CONVERSION = YES;
				CLANG_WARN_OBJC_ROOT_CLASS = YES_ERROR;
				CLANG_WARN_SUSPICIOUS_MOVE = YES;
				CLANG_WARN_UNREACHABLE_CODE = YES;
				CLANG_WARN__DUPLICATE_METHOD_MATCH = YES;
				"CODE_SIGN_IDENTITY[sdk=iphoneos*]" = "iPhone Developer";
				COPY_PHASE_STRIP = NO;
				DEBUG_INFORMATION_FORMAT = dwarf;
				ENABLE_STRICT_OBJC_MSGSEND = YES;
				ENABLE_TESTABILITY = YES;
				GCC_C_LANGUAGE_STANDARD = gnu99;
				GCC_DYNAMIC_NO_PIC = NO;
				GCC_NO_COMMON_BLOCKS = YES;
				GCC_OPTIMIZATION_LEVEL = 0;
				GCC_PREPROCESSOR_DEFINITIONS = (
					"DEBUG=1",
					"$(inherited)",
				);
				GCC_WARN_64_TO_32_BIT_CONVERSION = YES;
				GCC_WARN_ABOUT_RETURN_TYPE = YES_ERROR;
				GCC_WARN_UNDECLARED_SELECTOR = YES;
				GCC_WARN_UNINITIALIZED_AUTOS = YES_AGGRESSIVE;
				GCC_WARN_UNUSED_FUNCTION = YES;
				GCC_WARN_UNUSED_VARIABLE = YES;
				IPHONEOS_DEPLOYMENT_TARGET = 10.2;
				MTL_ENABLE_DEBUG_INFO = YES;
				ONLY_ACTIVE_ARCH = YES;
				SDKROOT = iphoneos;
			};
			name = Debug;
		};
		17925E731E35CE1C004D8CAD /* Release */ = {
			isa = XCBuildConfiguration;
			buildSettings = {
				ALWAYS_SEARCH_USER_PATHS = NO;
				CLANG_ANALYZER_NONNULL = YES;
				CLANG_CXX_LANGUAGE_STANDARD = "gnu++0x";
				CLANG_CXX_LIBRARY = "libc++";
				CLANG_ENABLE_MODULES = YES;
				CLANG_ENABLE_OBJC_ARC = YES;
				CLANG_WARN_BOOL_CONVERSION = YES;
				CLANG_WARN_CONSTANT_CONVERSION = YES;
				CLANG_WARN_DIRECT_OBJC_ISA_USAGE = YES_ERROR;
				CLANG_WARN_DOCUMENTATION_COMMENTS = YES;
				CLANG_WARN_EMPTY_BODY = YES;
				CLANG_WARN_ENUM_CONVERSION = YES;
				CLANG_WARN_INFINITE_RECURSION = YES;
				CLANG_WARN_INT_CONVERSION = YES;
				CLANG_WARN_OBJC_ROOT_CLASS = YES_ERROR;
				CLANG_WARN_SUSPICIOUS_MOVE = YES;
				CLANG_WARN_UNREACHABLE_CODE = YES;
				CLANG_WARN__DUPLICATE_METHOD_MATCH = YES;
				"CODE_SIGN_IDENTITY[sdk=iphoneos*]" = "iPhone Developer";
				COPY_PHASE_STRIP = NO;
				DEBUG_INFORMATION_FORMAT = "dwarf-with-dsym";
				ENABLE_NS_ASSERTIONS = NO;
				ENABLE_STRICT_OBJC_MSGSEND = YES;
				GCC_C_LANGUAGE_STANDARD = gnu99;
				GCC_NO_COMMON_BLOCKS = YES;
				GCC_WARN_64_TO_32_BIT_CONVERSION = YES;
				GCC_WARN_ABOUT_RETURN_TYPE = YES_ERROR;
				GCC_WARN_UNDECLARED_SELECTOR = YES;
				GCC_WARN_UNINITIALIZED_AUTOS = YES_AGGRESSIVE;
				GCC_WARN_UNUSED_FUNCTION = YES;
				GCC_WARN_UNUSED_VARIABLE = YES;
				IPHONEOS_DEPLOYMENT_TARGET = 10.2;
				MTL_ENABLE_DEBUG_INFO = NO;
				SDKROOT = iphoneos;
				VALIDATE_PRODUCT = YES;
			};
			name = Release;
		};
		17925E751E35CE1C004D8CAD /* Debug */ = {
			isa = XCBuildConfiguration;
			buildSettings = {
				ASSETCATALOG_COMPILER_APPICON_NAME = AppIcon;
				DEVELOPMENT_TEAM = LE473NCF2R;
				INFOPLIST_FILE = Search/Info.plist;
				LD_RUNPATH_SEARCH_PATHS = "$(inherited) @executable_path/Frameworks";
				PRODUCT_BUNDLE_IDENTIFIER = XYZ.Search;
				PRODUCT_NAME = "$(TARGET_NAME)";
			};
			name = Debug;
		};
		17925E761E35CE1C004D8CAD /* Release */ = {
			isa = XCBuildConfiguration;
			buildSettings = {
				ASSETCATALOG_COMPILER_APPICON_NAME = AppIcon;
				DEVELOPMENT_TEAM = LE473NCF2R;
				INFOPLIST_FILE = Search/Info.plist;
				LD_RUNPATH_SEARCH_PATHS = "$(inherited) @executable_path/Frameworks";
				PRODUCT_BUNDLE_IDENTIFIER = XYZ.Search;
				PRODUCT_NAME = "$(TARGET_NAME)";
			};
			name = Release;
		};
		17925E781E35CE1C004D8CAD /* Debug */ = {
			isa = XCBuildConfiguration;
			buildSettings = {
				BUNDLE_LOADER = "$(TEST_HOST)";
				DEVELOPMENT_TEAM = LE473NCF2R;
				INFOPLIST_FILE = SearchTests/Info.plist;
				LD_RUNPATH_SEARCH_PATHS = "$(inherited) @executable_path/Frameworks @loader_path/Frameworks";
				PRODUCT_BUNDLE_IDENTIFIER = XYZ.SearchTests;
				PRODUCT_NAME = "$(TARGET_NAME)";
				TEST_HOST = "$(BUILT_PRODUCTS_DIR)/Search.app/Search";
			};
			name = Debug;
		};
		17925E791E35CE1C004D8CAD /* Release */ = {
			isa = XCBuildConfiguration;
			buildSettings = {
				BUNDLE_LOADER = "$(TEST_HOST)";
				DEVELOPMENT_TEAM = LE473NCF2R;
				INFOPLIST_FILE = SearchTests/Info.plist;
				LD_RUNPATH_SEARCH_PATHS = "$(inherited) @executable_path/Frameworks @loader_path/Frameworks";
				PRODUCT_BUNDLE_IDENTIFIER = XYZ.SearchTests;
				PRODUCT_NAME = "$(TARGET_NAME)";
				TEST_HOST = "$(BUILT_PRODUCTS_DIR)/Search.app/Search";
			};
			name = Release;
		};
		17925E7B1E35CE1C004D8CAD /* Debug */ = {
			isa = XCBuildConfiguration;
			buildSettings = {
				DEVELOPMENT_TEAM = LE473NCF2R;
				INFOPLIST_FILE = SearchUITests/Info.plist;
				LD_RUNPATH_SEARCH_PATHS = "$(inherited) @executable_path/Frameworks @loader_path/Frameworks";
				PRODUCT_BUNDLE_IDENTIFIER = XYZ.SearchUITests;
				PRODUCT_NAME = "$(TARGET_NAME)";
				TEST_TARGET_NAME = Search;
			};
			name = Debug;
		};
		17925E7C1E35CE1C004D8CAD /* Release */ = {
			isa = XCBuildConfiguration;
			buildSettings = {
				DEVELOPMENT_TEAM = LE473NCF2R;
				INFOPLIST_FILE = SearchUITests/Info.plist;
				LD_RUNPATH_SEARCH_PATHS = "$(inherited) @executable_path/Frameworks @loader_path/Frameworks";
				PRODUCT_BUNDLE_IDENTIFIER = XYZ.SearchUITests;
				PRODUCT_NAME = "$(TARGET_NAME)";
				TEST_TARGET_NAME = Search;
			};
			name = Release;
		};
/* End XCBuildConfiguration section */

/* Begin XCConfigurationList section */
		17925E421E35CE1C004D8CAD /* Build configuration list for PBXProject "Search" */ = {
			isa = XCConfigurationList;
			buildConfigurations = (
				17925E721E35CE1C004D8CAD /* Debug */,
				17925E731E35CE1C004D8CAD /* Release */,
			);
			defaultConfigurationIsVisible = 0;
			defaultConfigurationName = Release;
		};
		17925E741E35CE1C004D8CAD /* Build configuration list for PBXNativeTarget "Search" */ = {
			isa = XCConfigurationList;
			buildConfigurations = (
				17925E751E35CE1C004D8CAD /* Debug */,
				17925E761E35CE1C004D8CAD /* Release */,
			);
			defaultConfigurationIsVisible = 0;
		};
		17925E771E35CE1C004D8CAD /* Build configuration list for PBXNativeTarget "SearchTests" */ = {
			isa = XCConfigurationList;
			buildConfigurations = (
				17925E781E35CE1C004D8CAD /* Debug */,
				17925E791E35CE1C004D8CAD /* Release */,
			);
			defaultConfigurationIsVisible = 0;
		};
		17925E7A1E35CE1C004D8CAD /* Build configuration list for PBXNativeTarget "SearchUITests" */ = {
			isa = XCConfigurationList;
			buildConfigurations = (
				17925E7B1E35CE1C004D8CAD /* Debug */,
				17925E7C1E35CE1C004D8CAD /* Release */,
			);
			defaultConfigurationIsVisible = 0;
		};
/* End XCConfigurationList section */
	};
	rootObject = 17925E3F1E35CE1C004D8CAD /* Project object */;
}
